// !$*UTF8*$!
{
	archiveVersion = 1;
	classes = {
	};
	objectVersion = 46;
	objects = {

/* Begin PBXBuildFile section */
		80BF207B18EE562D0099213D /* Foundation.framework in Frameworks */ = {isa = PBXBuildFile; fileRef = 80BF207A18EE562D0099213D /* Foundation.framework */; };
		80BF207D18EE562D0099213D /* CoreGraphics.framework in Frameworks */ = {isa = PBXBuildFile; fileRef = 80BF207C18EE562D0099213D /* CoreGraphics.framework */; };
		80BF207F18EE562D0099213D /* UIKit.framework in Frameworks */ = {isa = PBXBuildFile; fileRef = 80BF207E18EE562D0099213D /* UIKit.framework */; };
		80BF209A18EE562D0099213D /* XCTest.framework in Frameworks */ = {isa = PBXBuildFile; fileRef = 80BF209918EE562D0099213D /* XCTest.framework */; };
		80BF209B18EE562D0099213D /* Foundation.framework in Frameworks */ = {isa = PBXBuildFile; fileRef = 80BF207A18EE562D0099213D /* Foundation.framework */; };
		80BF209C18EE562D0099213D /* UIKit.framework in Frameworks */ = {isa = PBXBuildFile; fileRef = 80BF207E18EE562D0099213D /* UIKit.framework */; };
		80BF20A418EE562D0099213D /* InfoPlist.strings in Resources */ = {isa = PBXBuildFile; fileRef = 80BF20A218EE562D0099213D /* InfoPlist.strings */; };
		80BF20A618EE562D0099213D /* MenuPopOverViewTests.m in Sources */ = {isa = PBXBuildFile; fileRef = 80BF20A518EE562D0099213D /* MenuPopOverViewTests.m */; };
		80BF20B118EE57F70099213D /* MenuPopOverView.m in Sources */ = {isa = PBXBuildFile; fileRef = 80BF20B018EE57F70099213D /* MenuPopOverView.m */; };
		80BF20D518EE8F880099213D /* AppDelegate.m in Sources */ = {isa = PBXBuildFile; fileRef = 80BF20CA18EE8F880099213D /* AppDelegate.m */; };
		80BF20D718EE8F880099213D /* InfoPlist.strings in Resources */ = {isa = PBXBuildFile; fileRef = 80BF20CD18EE8F880099213D /* InfoPlist.strings */; };
		80BF20D818EE8F880099213D /* Images.xcassets in Resources */ = {isa = PBXBuildFile; fileRef = 80BF20CF18EE8F880099213D /* Images.xcassets */; };
		80BF20D918EE8F880099213D /* main.m in Sources */ = {isa = PBXBuildFile; fileRef = 80BF20D018EE8F880099213D /* main.m */; };
		80BF20DB18EE8F880099213D /* ViewController.m in Sources */ = {isa = PBXBuildFile; fileRef = 80BF20D418EE8F880099213D /* ViewController.m */; };
		80BF20DF18EE91120099213D /* Main.storyboard in Resources */ = {isa = PBXBuildFile; fileRef = 80BF20CB18EE8F880099213D /* Main.storyboard */; };
/* End PBXBuildFile section */

/* Begin PBXContainerItemProxy section */
		80BF209D18EE562D0099213D /* PBXContainerItemProxy */ = {
			isa = PBXContainerItemProxy;
			containerPortal = 80BF206F18EE562D0099213D /* Project object */;
			proxyType = 1;
			remoteGlobalIDString = 80BF207618EE562D0099213D;
			remoteInfo = MenuPopOverView;
		};
/* End PBXContainerItemProxy section */

/* Begin PBXFileReference section */
		80BF207718EE562D0099213D /* MenuPopOverView.app */ = {isa = PBXFileReference; explicitFileType = wrapper.application; includeInIndex = 0; path = MenuPopOverView.app; sourceTree = BUILT_PRODUCTS_DIR; };
		80BF207A18EE562D0099213D /* Foundation.framework */ = {isa = PBXFileReference; lastKnownFileType = wrapper.framework; name = Foundation.framework; path = System/Library/Frameworks/Foundation.framework; sourceTree = SDKROOT; };
		80BF207C18EE562D0099213D /* CoreGraphics.framework */ = {isa = PBXFileReference; lastKnownFileType = wrapper.framework; name = CoreGraphics.framework; path = System/Library/Frameworks/CoreGraphics.framework; sourceTree = SDKROOT; };
		80BF207E18EE562D0099213D /* UIKit.framework */ = {isa = PBXFileReference; lastKnownFileType = wrapper.framework; name = UIKit.framework; path = System/Library/Frameworks/UIKit.framework; sourceTree = SDKROOT; };
		80BF209818EE562D0099213D /* MenuPopOverViewTests.xctest */ = {isa = PBXFileReference; explicitFileType = wrapper.cfbundle; includeInIndex = 0; path = MenuPopOverViewTests.xctest; sourceTree = BUILT_PRODUCTS_DIR; };
		80BF209918EE562D0099213D /* XCTest.framework */ = {isa = PBXFileReference; lastKnownFileType = wrapper.framework; name = XCTest.framework; path = Library/Frameworks/XCTest.framework; sourceTree = DEVELOPER_DIR; };
		80BF20A118EE562D0099213D /* MenuPopOverViewTests-Info.plist */ = {isa = PBXFileReference; lastKnownFileType = text.plist.xml; path = "MenuPopOverViewTests-Info.plist"; sourceTree = "<group>"; };
		80BF20A318EE562D0099213D /* en */ = {isa = PBXFileReference; lastKnownFileType = text.plist.strings; name = en; path = en.lproj/InfoPlist.strings; sourceTree = "<group>"; };
		80BF20A518EE562D0099213D /* MenuPopOverViewTests.m */ = {isa = PBXFileReference; lastKnownFileType = sourcecode.c.objc; path = MenuPopOverViewTests.m; sourceTree = "<group>"; };
		80BF20AF18EE57F70099213D /* MenuPopOverView.h */ = {isa = PBXFileReference; fileEncoding = 4; lastKnownFileType = sourcecode.c.h; path = MenuPopOverView.h; sourceTree = "<group>"; };
		80BF20B018EE57F70099213D /* MenuPopOverView.m */ = {isa = PBXFileReference; fileEncoding = 4; lastKnownFileType = sourcecode.c.objc; path = MenuPopOverView.m; sourceTree = "<group>"; };
		80BF20C918EE8F880099213D /* AppDelegate.h */ = {isa = PBXFileReference; fileEncoding = 4; lastKnownFileType = sourcecode.c.h; name = AppDelegate.h; path = ../Demo/AppDelegate.h; sourceTree = "<group>"; };
		80BF20CA18EE8F880099213D /* AppDelegate.m */ = {isa = PBXFileReference; fileEncoding = 4; lastKnownFileType = sourcecode.c.objc; name = AppDelegate.m; path = ../Demo/AppDelegate.m; sourceTree = "<group>"; };
		80BF20CC18EE8F880099213D /* Base */ = {isa = PBXFileReference; lastKnownFileType = file.storyboard; name = Base; path = Base.lproj/Main.storyboard; sourceTree = "<group>"; };
		80BF20CE18EE8F880099213D /* en */ = {isa = PBXFileReference; lastKnownFileType = text.plist.strings; name = en; path = en.lproj/InfoPlist.strings; sourceTree = "<group>"; };
		80BF20CF18EE8F880099213D /* Images.xcassets */ = {isa = PBXFileReference; lastKnownFileType = folder.assetcatalog; name = Images.xcassets; path = ../Demo/Images.xcassets; sourceTree = "<group>"; };
		80BF20D018EE8F880099213D /* main.m */ = {isa = PBXFileReference; fileEncoding = 4; lastKnownFileType = sourcecode.c.objc; name = main.m; path = ../Demo/main.m; sourceTree = "<group>"; };
		80BF20D118EE8F880099213D /* MenuPopOverView-Info.plist */ = {isa = PBXFileReference; fileEncoding = 4; lastKnownFileType = text.plist.xml; name = "MenuPopOverView-Info.plist"; path = "../Demo/MenuPopOverView-Info.plist"; sourceTree = "<group>"; };
		80BF20D218EE8F880099213D /* MenuPopOverView-Prefix.pch */ = {isa = PBXFileReference; fileEncoding = 4; lastKnownFileType = sourcecode.c.h; name = "MenuPopOverView-Prefix.pch"; path = "../Demo/MenuPopOverView-Prefix.pch"; sourceTree = "<group>"; };
		80BF20D318EE8F880099213D /* ViewController.h */ = {isa = PBXFileReference; fileEncoding = 4; lastKnownFileType = sourcecode.c.h; name = ViewController.h; path = ../Demo/ViewController.h; sourceTree = "<group>"; };
		80BF20D418EE8F880099213D /* ViewController.m */ = {isa = PBXFileReference; fileEncoding = 4; lastKnownFileType = sourcecode.c.objc; name = ViewController.m; path = ../Demo/ViewController.m; sourceTree = "<group>"; };
/* End PBXFileReference section */

/* Begin PBXFrameworksBuildPhase section */
		80BF207418EE562D0099213D /* Frameworks */ = {
			isa = PBXFrameworksBuildPhase;
			buildActionMask = 2147483647;
			files = (
				80BF207D18EE562D0099213D /* CoreGraphics.framework in Frameworks */,
				80BF207F18EE562D0099213D /* UIKit.framework in Frameworks */,
				80BF207B18EE562D0099213D /* Foundation.framework in Frameworks */,
			);
			runOnlyForDeploymentPostprocessing = 0;
		};
		80BF209518EE562D0099213D /* Frameworks */ = {
			isa = PBXFrameworksBuildPhase;
			buildActionMask = 2147483647;
			files = (
				80BF209A18EE562D0099213D /* XCTest.framework in Frameworks */,
				80BF209C18EE562D0099213D /* UIKit.framework in Frameworks */,
				80BF209B18EE562D0099213D /* Foundation.framework in Frameworks */,
			);
			runOnlyForDeploymentPostprocessing = 0;
		};
/* End PBXFrameworksBuildPhase section */

/* Begin PBXGroup section */
		80BF206E18EE562D0099213D = {
			isa = PBXGroup;
			children = (
				80BF208018EE562D0099213D /* MenuPopOverView */,
				80BF209F18EE562D0099213D /* MenuPopOverViewTests */,
				80BF207918EE562D0099213D /* Frameworks */,
				80BF207818EE562D0099213D /* Products */,
			);
			sourceTree = "<group>";
		};
		80BF207818EE562D0099213D /* Products */ = {
			isa = PBXGroup;
			children = (
				80BF207718EE562D0099213D /* MenuPopOverView.app */,
				80BF209818EE562D0099213D /* MenuPopOverViewTests.xctest */,
			);
			name = Products;
			sourceTree = "<group>";
		};
		80BF207918EE562D0099213D /* Frameworks */ = {
			isa = PBXGroup;
			children = (
				80BF207A18EE562D0099213D /* Foundation.framework */,
				80BF207C18EE562D0099213D /* CoreGraphics.framework */,
				80BF207E18EE562D0099213D /* UIKit.framework */,
				80BF209918EE562D0099213D /* XCTest.framework */,
			);
			name = Frameworks;
			sourceTree = "<group>";
		};
		80BF208018EE562D0099213D /* MenuPopOverView */ = {
			isa = PBXGroup;
			children = (
				80BF20B218EE58070099213D /* MenuPopOver */,
				80BF20C918EE8F880099213D /* AppDelegate.h */,
				80BF20CA18EE8F880099213D /* AppDelegate.m */,
				80BF20CB18EE8F880099213D /* Main.storyboard */,
				80BF20CD18EE8F880099213D /* InfoPlist.strings */,
				80BF20CF18EE8F880099213D /* Images.xcassets */,
				80BF20D018EE8F880099213D /* main.m */,
				80BF20D118EE8F880099213D /* MenuPopOverView-Info.plist */,
				80BF20D218EE8F880099213D /* MenuPopOverView-Prefix.pch */,
				80BF20D318EE8F880099213D /* ViewController.h */,
				80BF20D418EE8F880099213D /* ViewController.m */,
			);
			path = MenuPopOverView;
			sourceTree = "<group>";
		};
		80BF209F18EE562D0099213D /* MenuPopOverViewTests */ = {
			isa = PBXGroup;
			children = (
				80BF20A518EE562D0099213D /* MenuPopOverViewTests.m */,
				80BF20A018EE562D0099213D /* Supporting Files */,
			);
			path = MenuPopOverViewTests;
			sourceTree = "<group>";
		};
		80BF20A018EE562D0099213D /* Supporting Files */ = {
			isa = PBXGroup;
			children = (
				80BF20A118EE562D0099213D /* MenuPopOverViewTests-Info.plist */,
				80BF20A218EE562D0099213D /* InfoPlist.strings */,
			);
			name = "Supporting Files";
			sourceTree = "<group>";
		};
		80BF20B218EE58070099213D /* MenuPopOver */ = {
			isa = PBXGroup;
			children = (
				80BF20AF18EE57F70099213D /* MenuPopOverView.h */,
				80BF20B018EE57F70099213D /* MenuPopOverView.m */,
			);
			name = MenuPopOver;
			sourceTree = "<group>";
		};
/* End PBXGroup section */

/* Begin PBXNativeTarget section */
		80BF207618EE562D0099213D /* MenuPopOverView */ = {
			isa = PBXNativeTarget;
			buildConfigurationList = 80BF20A918EE562D0099213D /* Build configuration list for PBXNativeTarget "MenuPopOverView" */;
			buildPhases = (
				80BF207318EE562D0099213D /* Sources */,
				80BF207418EE562D0099213D /* Frameworks */,
				80BF207518EE562D0099213D /* Resources */,
			);
			buildRules = (
			);
			dependencies = (
			);
			name = MenuPopOverView;
			productName = MenuPopOverView;
			productReference = 80BF207718EE562D0099213D /* MenuPopOverView.app */;
			productType = "com.apple.product-type.application";
		};
		80BF209718EE562D0099213D /* MenuPopOverViewTests */ = {
			isa = PBXNativeTarget;
			buildConfigurationList = 80BF20AC18EE562D0099213D /* Build configuration list for PBXNativeTarget "MenuPopOverViewTests" */;
			buildPhases = (
				80BF209418EE562D0099213D /* Sources */,
				80BF209518EE562D0099213D /* Frameworks */,
				80BF209618EE562D0099213D /* Resources */,
			);
			buildRules = (
			);
			dependencies = (
				80BF209E18EE562D0099213D /* PBXTargetDependency */,
			);
			name = MenuPopOverViewTests;
			productName = MenuPopOverViewTests;
			productReference = 80BF209818EE562D0099213D /* MenuPopOverViewTests.xctest */;
			productType = "com.apple.product-type.bundle.unit-test";
		};
/* End PBXNativeTarget section */

/* Begin PBXProject section */
		80BF206F18EE562D0099213D /* Project object */ = {
			isa = PBXProject;
			attributes = {
				LastUpgradeCheck = 0510;
				ORGANIZATIONNAME = camelcc;
				TargetAttributes = {
					80BF209718EE562D0099213D = {
						TestTargetID = 80BF207618EE562D0099213D;
					};
				};
			};
			buildConfigurationList = 80BF207218EE562D0099213D /* Build configuration list for PBXProject "MenuPopOverView" */;
			compatibilityVersion = "Xcode 3.2";
			developmentRegion = English;
			hasScannedForEncodings = 0;
			knownRegions = (
				en,
				Base,
			);
			mainGroup = 80BF206E18EE562D0099213D;
			productRefGroup = 80BF207818EE562D0099213D /* Products */;
			projectDirPath = "";
			projectRoot = "";
			targets = (
				80BF207618EE562D0099213D /* MenuPopOverView */,
				80BF209718EE562D0099213D /* MenuPopOverViewTests */,
			);
		};
/* End PBXProject section */

/* Begin PBXResourcesBuildPhase section */
		80BF207518EE562D0099213D /* Resources */ = {
			isa = PBXResourcesBuildPhase;
			buildActionMask = 2147483647;
			files = (
				80BF20DF18EE91120099213D /* Main.storyboard in Resources */,
				80BF20D818EE8F880099213D /* Images.xcassets in Resources */,
				80BF20D718EE8F880099213D /* InfoPlist.strings in Resources */,
			);
			runOnlyForDeploymentPostprocessing = 0;
		};
		80BF209618EE562D0099213D /* Resources */ = {
			isa = PBXResourcesBuildPhase;
			buildActionMask = 2147483647;
			files = (
				80BF20A418EE562D0099213D /* InfoPlist.strings in Resources */,
			);
			runOnlyForDeploymentPostprocessing = 0;
		};
/* End PBXResourcesBuildPhase section */

/* Begin PBXSourcesBuildPhase section */
		80BF207318EE562D0099213D /* Sources */ = {
			isa = PBXSourcesBuildPhase;
			buildActionMask = 2147483647;
			files = (
				80BF20D518EE8F880099213D /* AppDelegate.m in Sources */,
				80BF20D918EE8F880099213D /* main.m in Sources */,
				80BF20DB18EE8F880099213D /* ViewController.m in Sources */,
				80BF20B118EE57F70099213D /* MenuPopOverView.m in Sources */,
			);
			runOnlyForDeploymentPostprocessing = 0;
		};
		80BF209418EE562D0099213D /* Sources */ = {
			isa = PBXSourcesBuildPhase;
			buildActionMask = 2147483647;
			files = (
				80BF20A618EE562D0099213D /* MenuPopOverViewTests.m in Sources */,
			);
			runOnlyForDeploymentPostprocessing = 0;
		};
/* End PBXSourcesBuildPhase section */

/* Begin PBXTargetDependency section */
		80BF209E18EE562D0099213D /* PBXTargetDependency */ = {
			isa = PBXTargetDependency;
			target = 80BF207618EE562D0099213D /* MenuPopOverView */;
			targetProxy = 80BF209D18EE562D0099213D /* PBXContainerItemProxy */;
		};
/* End PBXTargetDependency section */

/* Begin PBXVariantGroup section */
		80BF20A218EE562D0099213D /* InfoPlist.strings */ = {
			isa = PBXVariantGroup;
			children = (
				80BF20A318EE562D0099213D /* en */,
			);
			name = InfoPlist.strings;
			sourceTree = "<group>";
		};
		80BF20CB18EE8F880099213D /* Main.storyboard */ = {
			isa = PBXVariantGroup;
			children = (
				80BF20CC18EE8F880099213D /* Base */,
			);
			name = Main.storyboard;
			path = ../Demo;
			sourceTree = "<group>";
		};
		80BF20CD18EE8F880099213D /* InfoPlist.strings */ = {
			isa = PBXVariantGroup;
			children = (
				80BF20CE18EE8F880099213D /* en */,
			);
			name = InfoPlist.strings;
			path = ../Demo;
			sourceTree = "<group>";
		};
/* End PBXVariantGroup section */

/* Begin XCBuildConfiguration section */
		80BF20A718EE562D0099213D /* Debug */ = {
			isa = XCBuildConfiguration;
			buildSettings = {
				ALWAYS_SEARCH_USER_PATHS = NO;
				CLANG_CXX_LANGUAGE_STANDARD = "gnu++0x";
				CLANG_CXX_LIBRARY = "libc++";
				CLANG_ENABLE_MODULES = YES;
				CLANG_ENABLE_OBJC_ARC = YES;
				CLANG_WARN_BOOL_CONVERSION = YES;
				CLANG_WARN_CONSTANT_CONVERSION = YES;
				CLANG_WARN_DIRECT_OBJC_ISA_USAGE = YES_ERROR;
				CLANG_WARN_EMPTY_BODY = YES;
				CLANG_WARN_ENUM_CONVERSION = YES;
				CLANG_WARN_INT_CONVERSION = YES;
				CLANG_WARN_OBJC_ROOT_CLASS = YES_ERROR;
				CLANG_WARN__DUPLICATE_METHOD_MATCH = YES;
				"CODE_SIGN_IDENTITY[sdk=iphoneos*]" = "iPhone Developer";
				COPY_PHASE_STRIP = NO;
				GCC_C_LANGUAGE_STANDARD = gnu99;
				GCC_DYNAMIC_NO_PIC = NO;
				GCC_OPTIMIZATION_LEVEL = 0;
				GCC_PREPROCESSOR_DEFINITIONS = (
					"DEBUG=1",
					"$(inherited)",
				);
				GCC_SYMBOLS_PRIVATE_EXTERN = NO;
				GCC_WARN_64_TO_32_BIT_CONVERSION = YES;
				GCC_WARN_ABOUT_RETURN_TYPE = YES_ERROR;
				GCC_WARN_UNDECLARED_SELECTOR = YES;
				GCC_WARN_UNINITIALIZED_AUTOS = YES_AGGRESSIVE;
				GCC_WARN_UNUSED_FUNCTION = YES;
				GCC_WARN_UNUSED_VARIABLE = YES;
				IPHONEOS_DEPLOYMENT_TARGET = 7.1;
				ONLY_ACTIVE_ARCH = YES;
				SDKROOT = iphoneos;
			};
			name = Debug;
		};
		80BF20A818EE562D0099213D /* Release */ = {
			isa = XCBuildConfiguration;
			buildSettings = {
				ALWAYS_SEARCH_USER_PATHS = NO;
				CLANG_CXX_LANGUAGE_STANDARD = "gnu++0x";
				CLANG_CXX_LIBRARY = "libc++";
				CLANG_ENABLE_MODULES = YES;
				CLANG_ENABLE_OBJC_ARC = YES;
				CLANG_WARN_BOOL_CONVERSION = YES;
				CLANG_WARN_CONSTANT_CONVERSION = YES;
				CLANG_WARN_DIRECT_OBJC_ISA_USAGE = YES_ERROR;
				CLANG_WARN_EMPTY_BODY = YES;
				CLANG_WARN_ENUM_CONVERSION = YES;
				CLANG_WARN_INT_CONVERSION = YES;
				CLANG_WARN_OBJC_ROOT_CLASS = YES_ERROR;
				CLANG_WARN__DUPLICATE_METHOD_MATCH = YES;
				"CODE_SIGN_IDENTITY[sdk=iphoneos*]" = "iPhone Developer";
				COPY_PHASE_STRIP = YES;
				ENABLE_NS_ASSERTIONS = NO;
				GCC_C_LANGUAGE_STANDARD = gnu99;
				GCC_WARN_64_TO_32_BIT_CONVERSION = YES;
				GCC_WARN_ABOUT_RETURN_TYPE = YES_ERROR;
				GCC_WARN_UNDECLARED_SELECTOR = YES;
				GCC_WARN_UNINITIALIZED_AUTOS = YES_AGGRESSIVE;
				GCC_WARN_UNUSED_FUNCTION = YES;
				GCC_WARN_UNUSED_VARIABLE = YES;
				IPHONEOS_DEPLOYMENT_TARGET = 7.1;
				SDKROOT = iphoneos;
				VALIDATE_PRODUCT = YES;
			};
			name = Release;
		};
		80BF20AA18EE562D0099213D /* Debug */ = {
			isa = XCBuildConfiguration;
			buildSettings = {
				ASSETCATALOG_COMPILER_APPICON_NAME = AppIcon;
				ASSETCATALOG_COMPILER_LAUNCHIMAGE_NAME = LaunchImage;
				GCC_PRECOMPILE_PREFIX_HEADER = YES;
				GCC_PREFIX_HEADER = "Demo/MenuPopOverView-Prefix.pch";
				INFOPLIST_FILE = "Demo/MenuPopOverView-Info.plist";
				PRODUCT_NAME = "$(TARGET_NAME)";
				WRAPPER_EXTENSION = app;
			};
			name = Debug;
		};
		80BF20AB18EE562D0099213D /* Release */ = {
			isa = XCBuildConfiguration;
			buildSettings = {
				ASSETCATALOG_COMPILER_APPICON_NAME = AppIcon;
				ASSETCATALOG_COMPILER_LAUNCHIMAGE_NAME = LaunchImage;
				GCC_PRECOMPILE_PREFIX_HEADER = YES;
				GCC_PREFIX_HEADER = "Demo/MenuPopOverView-Prefix.pch";
				INFOPLIST_FILE = "Demo/MenuPopOverView-Info.plist";
				PRODUCT_NAME = "$(TARGET_NAME)";
				WRAPPER_EXTENSION = app;
			};
			name = Release;
		};
		80BF20AD18EE562D0099213D /* Debug */ = {
			isa = XCBuildConfiguration;
			buildSettings = {
				BUNDLE_LOADER = "$(BUILT_PRODUCTS_DIR)/MenuPopOverView.app/MenuPopOverView";
				FRAMEWORK_SEARCH_PATHS = (
					"$(SDKROOT)/Developer/Library/Frameworks",
					"$(inherited)",
					"$(DEVELOPER_FRAMEWORKS_DIR)",
				);
				GCC_PRECOMPILE_PREFIX_HEADER = YES;
				GCC_PREFIX_HEADER = "MenuPopOverView/MenuPopOverView-Prefix.pch";
				GCC_PREPROCESSOR_DEFINITIONS = (
					"DEBUG=1",
					"$(inherited)",
				);
				INFOPLIST_FILE = "MenuPopOverViewTests/MenuPopOverViewTests-Info.plist";
				PRODUCT_NAME = "$(TARGET_NAME)";
				TEST_HOST = "$(BUNDLE_LOADER)";
				WRAPPER_EXTENSION = xctest;
			};
			name = Debug;
		};
		80BF20AE18EE562D0099213D /* Release */ = {
			isa = XCBuildConfiguration;
			buildSettings = {
				BUNDLE_LOADER = "$(BUILT_PRODUCTS_DIR)/MenuPopOverView.app/MenuPopOverView";
				FRAMEWORK_SEARCH_PATHS = (
					"$(SDKROOT)/Developer/Library/Frameworks",
					"$(inherited)",
					"$(DEVELOPER_FRAMEWORKS_DIR)",
				);
				GCC_PRECOMPILE_PREFIX_HEADER = YES;
				GCC_PREFIX_HEADER = "MenuPopOverView/MenuPopOverView-Prefix.pch";
				INFOPLIST_FILE = "MenuPopOverViewTests/MenuPopOverViewTests-Info.plist";
				PRODUCT_NAME = "$(TARGET_NAME)";
				TEST_HOST = "$(BUNDLE_LOADER)";
				WRAPPER_EXTENSION = xctest;
			};
			name = Release;
		};
/* End XCBuildConfiguration section */

/* Begin XCConfigurationList section */
		80BF207218EE562D0099213D /* Build configuration list for PBXProject "MenuPopOverView" */ = {
			isa = XCConfigurationList;
			buildConfigurations = (
				80BF20A718EE562D0099213D /* Debug */,
				80BF20A818EE562D0099213D /* Release */,
			);
			defaultConfigurationIsVisible = 0;
			defaultConfigurationName = Release;
		};
		80BF20A918EE562D0099213D /* Build configuration list for PBXNativeTarget "MenuPopOverView" */ = {
			isa = XCConfigurationList;
			buildConfigurations = (
				80BF20AA18EE562D0099213D /* Debug */,
				80BF20AB18EE562D0099213D /* Release */,
			);
			defaultConfigurationIsVisible = 0;
			defaultConfigurationName = Release;
		};
		80BF20AC18EE562D0099213D /* Build configuration list for PBXNativeTarget "MenuPopOverViewTests" */ = {
			isa = XCConfigurationList;
			buildConfigurations = (
				80BF20AD18EE562D0099213D /* Debug */,
				80BF20AE18EE562D0099213D /* Release */,
			);
			defaultConfigurationIsVisible = 0;
			defaultConfigurationName = Release;
		};
/* End XCConfigurationList section */
	};
	rootObject = 80BF206F18EE562D0099213D /* Project object */;
}
